<?xml version="1.0" encoding="utf-8"?>
<Project ToolsVersion="4.0" xmlns="http://schemas.microsoft.com/developer/msbuild/2003">
  <ItemGroup>
    <Filter Include="include">
      <UniqueIdentifier>{6a6b6eee-4f2b-442f-8dfd-9d6325be4907}</UniqueIdentifier>
    </Filter>
    <Filter Include="examples">
      <UniqueIdentifier>{77af4322-2fa2-4011-983b-2f0bd659de4e}</UniqueIdentifier>
    </Filter>
    <Filter Include="include\internal">
      <UniqueIdentifier>{10160d99-e881-445a-b34f-ab80e6c6106e}</UniqueIdentifier>
    </Filter>
    <Filter Include="include\internal\params">
      <UniqueIdentifier>{b6381a30-e426-47ed-9589-8824250828a2}</UniqueIdentifier>
    </Filter>
    <Filter Include="include\containers">
      <UniqueIdentifier>{77ce9e57-ab95-4e9a-bdcb-13ed10c7e031}</UniqueIdentifier>
    </Filter>
    <Filter Include="include\containers\vector">
      <UniqueIdentifier>{8076d8e1-354d-4b85-a448-462ea2092a12}</UniqueIdentifier>
    </Filter>
    <Filter Include="include\containers\stack">
      <UniqueIdentifier>{08fc56e2-b39a-40a3-889e-0fc8c4c41404}</UniqueIdentifier>
    </Filter>
    <Filter Include="include\containers\linked list">
      <UniqueIdentifier>{570e8098-1888-41d3-9a3e-579e1659b00f}</UniqueIdentifier>
    </Filter>
  </ItemGroup>
  <ItemGroup>
    <ClInclude Include="..\..\..\..\include\c4c\config.h">
      <Filter>include</Filter>
    </ClInclude>
    <ClInclude Include="..\..\..\..\include\c4c\internal\allocators_decl.h">
      <Filter>include\internal</Filter>
    </ClInclude>
    <ClInclude Include="..\..\..\..\include\c4c\internal\allocators_impl.h">
      <Filter>include\internal</Filter>
    </ClInclude>
    <ClInclude Include="..\..\..\..\include\c4c\internal\allocators_undef.h">
      <Filter>include\internal</Filter>
    </ClInclude>
    <ClInclude Include="..\..\..\..\include\c4c\internal\common_headers.h">
      <Filter>include\internal</Filter>
    </ClInclude>
    <ClInclude Include="..\..\..\..\include\c4c\internal\function.h">
      <Filter>include\internal</Filter>
    </ClInclude>
    <ClInclude Include="..\..\..\..\include\c4c\internal\method.h">
      <Filter>include\internal</Filter>
    </ClInclude>
    <ClInclude Include="..\..\..\..\include\c4c\internal\struct.h">
      <Filter>include\internal</Filter>
    </ClInclude>
    <ClInclude Include="..\..\..\..\include\c4c\internal\params\default.h">
      <Filter>include\internal\params</Filter>
    </ClInclude>
    <ClInclude Include="..\..\..\..\include\c4c\internal\params\default_undef.h">
      <Filter>include\internal\params</Filter>
    </ClInclude>
    <ClInclude Include="..\..\..\..\include\c4c\internal\params\contenttype.h">
      <Filter>include\internal\params</Filter>
    </ClInclude>
    <ClInclude Include="..\..\..\..\include\c4c\internal\params\contenttype_undef.h">
      <Filter>include\internal\params</Filter>
    </ClInclude>
    <ClInclude Include="..\..\..\..\include\c4c\internal\params\optnovalue.h">
      <Filter>include\internal\params</Filter>
    </ClInclude>
    <ClInclude Include="..\..\..\..\include\c4c\internal\params\optnovalue_undef.h">
      <Filter>include\internal\params</Filter>
    </ClInclude>
    <ClInclude Include="..\..\..\..\include\c4c\internal\params\capacity.h">
      <Filter>include\internal\params</Filter>
    </ClInclude>
    <ClInclude Include="..\..\..\..\include\c4c\internal\params\capacity_undef.h">
      <Filter>include\internal\params</Filter>
    </ClInclude>
    <ClInclude Include="..\..\..\..\include\c4c\internal\params\content.h">
      <Filter>include\internal\params</Filter>
    </ClInclude>
    <ClInclude Include="..\..\..\..\include\c4c\internal\params\content_undef.h">
      <Filter>include\internal\params</Filter>
    </ClInclude>
    <ClInclude Include="..\..\..\..\include\c4c\internal\shortcuts.h">
      <Filter>include\internal</Filter>
    </ClInclude>
    <ClInclude Include="..\..\..\..\include\c4c\internal\shortcuts_undef.h">
      <Filter>include\internal</Filter>
    </ClInclude>
    <ClInclude Include="..\..\..\..\include\c4c\internal\common_headers_undef.h">
      <Filter>include\internal</Filter>
    </ClInclude>
  </ItemGroup>
  <ItemGroup>
    <ClCompile Include="..\..\..\..\examples\example_double_linked_list_c89.c">
      <Filter>examples</Filter>
    </ClCompile>
    <ClCompile Include="..\..\..\..\examples\example_dyn_vector_c89.c">
      <Filter>examples</Filter>
    </ClCompile>
    <ClCompile Include="..\..\..\..\examples\example_stack_lifo_c89.c">
      <Filter>examples</Filter>
    </ClCompile>
  </ItemGroup>
  <ItemGroup>
    <None Include="..\..\..\..\include\c4c\linked_list\double_list_decl.inl">
      <Filter>include\containers\linked list</Filter>
    </None>
    <None Include="..\..\..\..\include\c4c\linked_list\double_list_impl.inl">
      <Filter>include\containers\linked list</Filter>
    </None>
    <None Include="..\..\..\..\include\c4c\stack\lifo_impl.inl">
      <Filter>include\containers\stack</Filter>
    </None>
    <None Include="..\..\..\..\include\c4c\stack\lifo_decl.inl">
      <Filter>include\containers\stack</Filter>
    </None>
    <None Include="..\..\..\..\include\c4c\vector\vector_decl.inl">
      <Filter>include\containers\vector</Filter>
    </None>
    <None Include="..\..\..\..\include\c4c\vector\vector_impl.inl">
      <Filter>include\containers\vector</Filter>
    </None>
  </ItemGroup>
</Project>